
Microsoft Visual Studio Solution File, Format Version 12.00
# Visual Studio 2012
Project("{FAE04EC0-301F-11D3-BF4B-00C04F79EFBC}") = "TicTacToe", "TicTacToe\TicTacToe.csproj", "{1D373659-189C-4AC4-A73A-1F3C1128C260}"
EndProject
Project("{FAE04EC0-301F-11D3-BF4B-00C04F79EFBC}") = "Star", "Star\Star.csproj", "{7C494CDB-D004-45E7-9749-9A7E49515E71}"
EndProject
Project("{FAE04EC0-301F-11D3-BF4B-00C04F79EFBC}") = "WinningNumbers", "WinningNumbers\WinningNumbers.csproj", "{7C9A5CB0-6DB6-4B02-ADCD-64FE1275728E}"
EndProject
Project("{FAE04EC0-301F-11D3-BF4B-00C04F79EFBC}") = "XBits", "XBits\XBits.csproj", "{10DCB23C-7400-4CAB-BFFD-B09ED8F10DFD}"
EndProject
Project("{FAE04EC0-301F-11D3-BF4B-00C04F79EFBC}") = "Tables", "Tables\Tables.csproj", "{0E332BD9-A0CA-4D4F-AD5A-098F66BA6625}"
EndProject
Project("{FAE04EC0-301F-11D3-BF4B-00C04F79EFBC}") = "BookOrders", "BookOrders\BookOrders.csproj", "{8CAB8C7F-C757-41E7-A232-9B79DC93F17B}"
EndProject
Project("{FAE04EC0-301F-11D3-BF4B-00C04F79EFBC}") = "Cars", "Cars\Cars.csproj", "{7BBE87A7-A281-44D9-A1F5-53A3A0F11D0D}"
EndProject
Project("{FAE04EC0-301F-11D3-BF4B-00C04F79EFBC}") = "ChessQueens", "ChessQueens\ChessQueens.csproj", "{596CD848-21F4-4FB2-AB29-01E9B61F1313}"
EndProject
Project("{FAE04EC0-301F-11D3-BF4B-00C04F79EFBC}") = "DoubleDowns", "DoubleDowns\DoubleDowns.csproj", "{757021F7-AFD4-4E04-B739-033E30AB5B98}"
EndProject
Project("{FAE04EC0-301F-11D3-BF4B-00C04F79EFBC}") = "PandaScotlandFlag", "PandaScotlandFlag\PandaScotlandFlag.csproj", "{779FB103-C396-4B7F-BFA1-8BBDD0B0100A}"
EndProject
Global
	GlobalSection(SolutionConfigurationPlatforms) = preSolution
		Debug|Any CPU = Debug|Any CPU
		Release|Any CPU = Release|Any CPU
	EndGlobalSection
	GlobalSection(ProjectConfigurationPlatforms) = postSolution
		{1D373659-189C-4AC4-A73A-1F3C1128C260}.Debug|Any CPU.ActiveCfg = Debug|Any CPU
		{1D373659-189C-4AC4-A73A-1F3C1128C260}.Debug|Any CPU.Build.0 = Debug|Any CPU
		{1D373659-189C-4AC4-A73A-1F3C1128C260}.Release|Any CPU.ActiveCfg = Release|Any CPU
		{1D373659-189C-4AC4-A73A-1F3C1128C260}.Release|Any CPU.Build.0 = Release|Any CPU
		{7C494CDB-D004-45E7-9749-9A7E49515E71}.Debug|Any CPU.ActiveCfg = Debug|Any CPU
		{7C494CDB-D004-45E7-9749-9A7E49515E71}.Debug|Any CPU.Build.0 = Debug|Any CPU
		{7C494CDB-D004-45E7-9749-9A7E49515E71}.Release|Any CPU.ActiveCfg = Release|Any CPU
		{7C494CDB-D004-45E7-9749-9A7E49515E71}.Release|Any CPU.Build.0 = Release|Any CPU
		{7C9A5CB0-6DB6-4B02-ADCD-64FE1275728E}.Debug|Any CPU.ActiveCfg = Debug|Any CPU
		{7C9A5CB0-6DB6-4B02-ADCD-64FE1275728E}.Debug|Any CPU.Build.0 = Debug|Any CPU
		{7C9A5CB0-6DB6-4B02-ADCD-64FE1275728E}.Release|Any CPU.ActiveCfg = Release|Any CPU
		{7C9A5CB0-6DB6-4B02-ADCD-64FE1275728E}.Release|Any CPU.Build.0 = Release|Any CPU
		{10DCB23C-7400-4CAB-BFFD-B09ED8F10DFD}.Debug|Any CPU.ActiveCfg = Debug|Any CPU
		{10DCB23C-7400-4CAB-BFFD-B09ED8F10DFD}.Debug|Any CPU.Build.0 = Debug|Any CPU
		{10DCB23C-7400-4CAB-BFFD-B09ED8F10DFD}.Release|Any CPU.ActiveCfg = Release|Any CPU
		{10DCB23C-7400-4CAB-BFFD-B09ED8F10DFD}.Release|Any CPU.Build.0 = Release|Any CPU
		{0E332BD9-A0CA-4D4F-AD5A-098F66BA6625}.Debug|Any CPU.ActiveCfg = Debug|Any CPU
		{0E332BD9-A0CA-4D4F-AD5A-098F66BA6625}.Debug|Any CPU.Build.0 = Debug|Any CPU
		{0E332BD9-A0CA-4D4F-AD5A-098F66BA6625}.Release|Any CPU.ActiveCfg = Release|Any CPU
		{0E332BD9-A0CA-4D4F-AD5A-098F66BA6625}.Release|Any CPU.Build.0 = Release|Any CPU
		{8CAB8C7F-C757-41E7-A232-9B79DC93F17B}.Debug|Any CPU.ActiveCfg = Debug|Any CPU
		{8CAB8C7F-C757-41E7-A232-9B79DC93F17B}.Debug|Any CPU.Build.0 = Debug|Any CPU
		{8CAB8C7F-C757-41E7-A232-9B79DC93F17B}.Release|Any CPU.ActiveCfg = Release|Any CPU
		{8CAB8C7F-C757-41E7-A232-9B79DC93F17B}.Release|Any CPU.Build.0 = Release|Any CPU
		{7BBE87A7-A281-44D9-A1F5-53A3A0F11D0D}.Debug|Any CPU.ActiveCfg = Debug|Any CPU
		{7BBE87A7-A281-44D9-A1F5-53A3A0F11D0D}.Debug|Any CPU.Build.0 = Debug|Any CPU
		{7BBE87A7-A281-44D9-A1F5-53A3A0F11D0D}.Release|Any CPU.ActiveCfg = Release|Any CPU
		{7BBE87A7-A281-44D9-A1F5-53A3A0F11D0D}.Release|Any CPU.Build.0 = Release|Any CPU
		{596CD848-21F4-4FB2-AB29-01E9B61F1313}.Debug|Any CPU.ActiveCfg = Debug|Any CPU
		{596CD848-21F4-4FB2-AB29-01E9B61F1313}.Debug|Any CPU.Build.0 = Debug|Any CPU
		{596CD848-21F4-4FB2-AB29-01E9B61F1313}.Release|Any CPU.ActiveCfg = Release|Any CPU
		{596CD848-21F4-4FB2-AB29-01E9B61F1313}.Release|Any CPU.Build.0 = Release|Any CPU
		{757021F7-AFD4-4E04-B739-033E30AB5B98}.Debug|Any CPU.ActiveCfg = Debug|Any CPU
		{757021F7-AFD4-4E04-B739-033E30AB5B98}.Debug|Any CPU.Build.0 = Debug|Any CPU
		{757021F7-AFD4-4E04-B739-033E30AB5B98}.Release|Any CPU.ActiveCfg = Release|Any CPU
		{757021F7-AFD4-4E04-B739-033E30AB5B98}.Release|Any CPU.Build.0 = Release|Any CPU
		{779FB103-C396-4B7F-BFA1-8BBDD0B0100A}.Debug|Any CPU.ActiveCfg = Debug|Any CPU
		{779FB103-C396-4B7F-BFA1-8BBDD0B0100A}.Debug|Any CPU.Build.0 = Debug|Any CPU
		{779FB103-C396-4B7F-BFA1-8BBDD0B0100A}.Release|Any CPU.ActiveCfg = Release|Any CPU
		{779FB103-C396-4B7F-BFA1-8BBDD0B0100A}.Release|Any CPU.Build.0 = Release|Any CPU
	EndGlobalSection
	GlobalSection(SolutionProperties) = preSolution
		HideSolutionNode = FALSE
	EndGlobalSection
EndGlobal
