
Microsoft Visual Studio Solution File, Format Version 12.00
# Visual Studio 2013
VisualStudioVersion = 12.0.21005.1
MinimumVisualStudioVersion = 10.0.40219.1
Project("{FAE04EC0-301F-11D3-BF4B-00C04F79EFBC}") = "Shapes", "Shapes\Shapes.csproj", "{DD2F80A0-B038-4FCB-B5B9-CC734F92ACEA}"
EndProject
Project("{FAE04EC0-301F-11D3-BF4B-00C04F79EFBC}") = "BankSystem", "BankSystem\BankSystem.csproj", "{6A39157E-2AD5-47F8-8A85-BB639A155E29}"
EndProject
Global
	GlobalSection(SolutionConfigurationPlatforms) = preSolution
		Debug|Any CPU = Debug|Any CPU
		Release|Any CPU = Release|Any CPU
	EndGlobalSection
	GlobalSection(ProjectConfigurationPlatforms) = postSolution
		{DD2F80A0-B038-4FCB-B5B9-CC734F92ACEA}.Debug|Any CPU.ActiveCfg = Debug|Any CPU
		{DD2F80A0-B038-4FCB-B5B9-CC734F92ACEA}.Debug|Any CPU.Build.0 = Debug|Any CPU
		{DD2F80A0-B038-4FCB-B5B9-CC734F92ACEA}.Release|Any CPU.ActiveCfg = Release|Any CPU
		{DD2F80A0-B038-4FCB-B5B9-CC734F92ACEA}.Release|Any CPU.Build.0 = Release|Any CPU
		{6A39157E-2AD5-47F8-8A85-BB639A155E29}.Debug|Any CPU.ActiveCfg = Debug|Any CPU
		{6A39157E-2AD5-47F8-8A85-BB639A155E29}.Debug|Any CPU.Build.0 = Debug|Any CPU
		{6A39157E-2AD5-47F8-8A85-BB639A155E29}.Release|Any CPU.ActiveCfg = Release|Any CPU
		{6A39157E-2AD5-47F8-8A85-BB639A155E29}.Release|Any CPU.Build.0 = Release|Any CPU
	EndGlobalSection
	GlobalSection(SolutionProperties) = preSolution
		HideSolutionNode = FALSE
	EndGlobalSection
EndGlobal
