
Microsoft Visual Studio Solution File, Format Version 12.00
# Visual Studio 2013
VisualStudioVersion = 12.0.21005.1
MinimumVisualStudioVersion = 10.0.40219.1
Project("{2150E333-8FDC-42A3-9474-1A3956D46DE8}") = "NEWS", "NEWS", "{CBC3EBC4-BA35-4656-91E6-5429E1AA4328}"
EndProject
Project("{2150E333-8FDC-42A3-9474-1A3956D46DE8}") = "ATM", "ATM", "{653AED82-9143-4C74-BFF7-669C7F4C7329}"
EndProject
Project("{FAE04EC0-301F-11D3-BF4B-00C04F79EFBC}") = "News.Data", "NEWS\News.Data\News.Data.csproj", "{3D3BDCAD-4AF0-47FF-A441-C0FA06E670D2}"
EndProject
Project("{FAE04EC0-301F-11D3-BF4B-00C04F79EFBC}") = "News.Models", "NEWS\News.Models\News.Models.csproj", "{D1B59864-0D6E-478D-9CE8-3D4D742AEE6F}"
EndProject
Project("{FAE04EC0-301F-11D3-BF4B-00C04F79EFBC}") = "News.Client", "NEWS\News.Client\News.Client.csproj", "{9AAB6686-9F19-4D68-984C-CAEA1C35764D}"
EndProject
Project("{FAE04EC0-301F-11D3-BF4B-00C04F79EFBC}") = "ATM.Client", "ATM\ATM.Client\ATM.Client.csproj", "{A92CC1B4-684F-4159-94FB-664A35221B50}"
EndProject
Project("{FAE04EC0-301F-11D3-BF4B-00C04F79EFBC}") = "ATM.Data", "ATM\ATM.Data\ATM.Data.csproj", "{8E3988AF-C299-4B4E-A6E3-C071CE13C39E}"
EndProject
Project("{FAE04EC0-301F-11D3-BF4B-00C04F79EFBC}") = "ATM.Models", "ATM\ATM.Models\ATM.Models.csproj", "{0406CDAC-0A33-4E3E-B228-AC2349F355B6}"
EndProject
Global
	GlobalSection(SolutionConfigurationPlatforms) = preSolution
		Debug|Any CPU = Debug|Any CPU
		Release|Any CPU = Release|Any CPU
	EndGlobalSection
	GlobalSection(ProjectConfigurationPlatforms) = postSolution
		{3D3BDCAD-4AF0-47FF-A441-C0FA06E670D2}.Debug|Any CPU.ActiveCfg = Debug|Any CPU
		{3D3BDCAD-4AF0-47FF-A441-C0FA06E670D2}.Debug|Any CPU.Build.0 = Debug|Any CPU
		{3D3BDCAD-4AF0-47FF-A441-C0FA06E670D2}.Release|Any CPU.ActiveCfg = Release|Any CPU
		{3D3BDCAD-4AF0-47FF-A441-C0FA06E670D2}.Release|Any CPU.Build.0 = Release|Any CPU
		{D1B59864-0D6E-478D-9CE8-3D4D742AEE6F}.Debug|Any CPU.ActiveCfg = Debug|Any CPU
		{D1B59864-0D6E-478D-9CE8-3D4D742AEE6F}.Debug|Any CPU.Build.0 = Debug|Any CPU
		{D1B59864-0D6E-478D-9CE8-3D4D742AEE6F}.Release|Any CPU.ActiveCfg = Release|Any CPU
		{D1B59864-0D6E-478D-9CE8-3D4D742AEE6F}.Release|Any CPU.Build.0 = Release|Any CPU
		{9AAB6686-9F19-4D68-984C-CAEA1C35764D}.Debug|Any CPU.ActiveCfg = Debug|Any CPU
		{9AAB6686-9F19-4D68-984C-CAEA1C35764D}.Debug|Any CPU.Build.0 = Debug|Any CPU
		{9AAB6686-9F19-4D68-984C-CAEA1C35764D}.Release|Any CPU.ActiveCfg = Release|Any CPU
		{9AAB6686-9F19-4D68-984C-CAEA1C35764D}.Release|Any CPU.Build.0 = Release|Any CPU
		{A92CC1B4-684F-4159-94FB-664A35221B50}.Debug|Any CPU.ActiveCfg = Debug|Any CPU
		{A92CC1B4-684F-4159-94FB-664A35221B50}.Debug|Any CPU.Build.0 = Debug|Any CPU
		{A92CC1B4-684F-4159-94FB-664A35221B50}.Release|Any CPU.ActiveCfg = Release|Any CPU
		{A92CC1B4-684F-4159-94FB-664A35221B50}.Release|Any CPU.Build.0 = Release|Any CPU
		{8E3988AF-C299-4B4E-A6E3-C071CE13C39E}.Debug|Any CPU.ActiveCfg = Debug|Any CPU
		{8E3988AF-C299-4B4E-A6E3-C071CE13C39E}.Debug|Any CPU.Build.0 = Debug|Any CPU
		{8E3988AF-C299-4B4E-A6E3-C071CE13C39E}.Release|Any CPU.ActiveCfg = Release|Any CPU
		{8E3988AF-C299-4B4E-A6E3-C071CE13C39E}.Release|Any CPU.Build.0 = Release|Any CPU
		{0406CDAC-0A33-4E3E-B228-AC2349F355B6}.Debug|Any CPU.ActiveCfg = Debug|Any CPU
		{0406CDAC-0A33-4E3E-B228-AC2349F355B6}.Debug|Any CPU.Build.0 = Debug|Any CPU
		{0406CDAC-0A33-4E3E-B228-AC2349F355B6}.Release|Any CPU.ActiveCfg = Release|Any CPU
		{0406CDAC-0A33-4E3E-B228-AC2349F355B6}.Release|Any CPU.Build.0 = Release|Any CPU
	EndGlobalSection
	GlobalSection(SolutionProperties) = preSolution
		HideSolutionNode = FALSE
	EndGlobalSection
	GlobalSection(NestedProjects) = preSolution
		{3D3BDCAD-4AF0-47FF-A441-C0FA06E670D2} = {CBC3EBC4-BA35-4656-91E6-5429E1AA4328}
		{D1B59864-0D6E-478D-9CE8-3D4D742AEE6F} = {CBC3EBC4-BA35-4656-91E6-5429E1AA4328}
		{9AAB6686-9F19-4D68-984C-CAEA1C35764D} = {CBC3EBC4-BA35-4656-91E6-5429E1AA4328}
		{A92CC1B4-684F-4159-94FB-664A35221B50} = {653AED82-9143-4C74-BFF7-669C7F4C7329}
		{8E3988AF-C299-4B4E-A6E3-C071CE13C39E} = {653AED82-9143-4C74-BFF7-669C7F4C7329}
		{0406CDAC-0A33-4E3E-B228-AC2349F355B6} = {653AED82-9143-4C74-BFF7-669C7F4C7329}
	EndGlobalSection
EndGlobal
