
Microsoft Visual Studio Solution File, Format Version 12.00
# Visual Studio 2013
VisualStudioVersion = 12.0.21005.1
MinimumVisualStudioVersion = 10.0.40219.1
Project("{FAE04EC0-301F-11D3-BF4B-00C04F79EFBC}") = "Beers", "Beers\Beers.csproj", "{E290B9B6-EBFD-43A5-A28A-33B8EBE26487}"
EndProject
Project("{FAE04EC0-301F-11D3-BF4B-00C04F79EFBC}") = "Matrices", "Matrices\Matrices.csproj", "{5C471FF4-E359-4E7E-90B9-AA135EC542B2}"
EndProject
Project("{FAE04EC0-301F-11D3-BF4B-00C04F79EFBC}") = "ByteParty", "ByteParty\ByteParty.csproj", "{C1D7D815-4BC8-4D56-9EE8-43E6BFE3C608}"
EndProject
Project("{FAE04EC0-301F-11D3-BF4B-00C04F79EFBC}") = "Tetris", "Tetris\Tetris.csproj", "{ACD9610F-9C43-41AC-BF0D-AE8CCDE56911}"
EndProject
Global
	GlobalSection(SolutionConfigurationPlatforms) = preSolution
		Debug|Any CPU = Debug|Any CPU
		Release|Any CPU = Release|Any CPU
	EndGlobalSection
	GlobalSection(ProjectConfigurationPlatforms) = postSolution
		{E290B9B6-EBFD-43A5-A28A-33B8EBE26487}.Debug|Any CPU.ActiveCfg = Debug|Any CPU
		{E290B9B6-EBFD-43A5-A28A-33B8EBE26487}.Debug|Any CPU.Build.0 = Debug|Any CPU
		{E290B9B6-EBFD-43A5-A28A-33B8EBE26487}.Release|Any CPU.ActiveCfg = Release|Any CPU
		{E290B9B6-EBFD-43A5-A28A-33B8EBE26487}.Release|Any CPU.Build.0 = Release|Any CPU
		{5C471FF4-E359-4E7E-90B9-AA135EC542B2}.Debug|Any CPU.ActiveCfg = Debug|Any CPU
		{5C471FF4-E359-4E7E-90B9-AA135EC542B2}.Debug|Any CPU.Build.0 = Debug|Any CPU
		{5C471FF4-E359-4E7E-90B9-AA135EC542B2}.Release|Any CPU.ActiveCfg = Release|Any CPU
		{5C471FF4-E359-4E7E-90B9-AA135EC542B2}.Release|Any CPU.Build.0 = Release|Any CPU
		{C1D7D815-4BC8-4D56-9EE8-43E6BFE3C608}.Debug|Any CPU.ActiveCfg = Debug|Any CPU
		{C1D7D815-4BC8-4D56-9EE8-43E6BFE3C608}.Debug|Any CPU.Build.0 = Debug|Any CPU
		{C1D7D815-4BC8-4D56-9EE8-43E6BFE3C608}.Release|Any CPU.ActiveCfg = Release|Any CPU
		{C1D7D815-4BC8-4D56-9EE8-43E6BFE3C608}.Release|Any CPU.Build.0 = Release|Any CPU
		{ACD9610F-9C43-41AC-BF0D-AE8CCDE56911}.Debug|Any CPU.ActiveCfg = Debug|Any CPU
		{ACD9610F-9C43-41AC-BF0D-AE8CCDE56911}.Debug|Any CPU.Build.0 = Debug|Any CPU
		{ACD9610F-9C43-41AC-BF0D-AE8CCDE56911}.Release|Any CPU.ActiveCfg = Release|Any CPU
		{ACD9610F-9C43-41AC-BF0D-AE8CCDE56911}.Release|Any CPU.Build.0 = Release|Any CPU
	EndGlobalSection
	GlobalSection(SolutionProperties) = preSolution
		HideSolutionNode = FALSE
	EndGlobalSection
EndGlobal
