
Microsoft Visual Studio Solution File, Format Version 12.00
# Visual Studio 2012
Project("{FAE04EC0-301F-11D3-BF4B-00C04F79EFBC}") = "01.InsideTheBuilding", "01.InsideTheBuilding\01.InsideTheBuilding.csproj", "{D313B867-A1AE-43E3-BB01-C883791BDFE6}"
EndProject
Project("{FAE04EC0-301F-11D3-BF4B-00C04F79EFBC}") = "02.StudentCables", "02.StudentCables\02.StudentCables.csproj", "{A1FF4F40-8B59-421B-B068-37080CB1A6B0}"
EndProject
Project("{FAE04EC0-301F-11D3-BF4B-00C04F79EFBC}") = "03.ProgrammerDNA", "03.ProgrammerDNA\03.ProgrammerDNA.csproj", "{0C37B19E-983C-48D1-A324-EE0A6A3CCB01}"
EndProject
Project("{FAE04EC0-301F-11D3-BF4B-00C04F79EFBC}") = "04.MagicCarNumbers", "04.MagicCarNumbers\04.MagicCarNumbers.csproj", "{2B766A3C-E8F8-4DC3-9F1C-1205CCB6E21F}"
EndProject
Project("{FAE04EC0-301F-11D3-BF4B-00C04F79EFBC}") = "05.BitFlipper", "05.BitFlipper\05.BitFlipper.csproj", "{B84DDE91-B16A-42C1-9243-A90160047FE8}"
EndProject
Global
	GlobalSection(SolutionConfigurationPlatforms) = preSolution
		Debug|Any CPU = Debug|Any CPU
		Release|Any CPU = Release|Any CPU
	EndGlobalSection
	GlobalSection(ProjectConfigurationPlatforms) = postSolution
		{D313B867-A1AE-43E3-BB01-C883791BDFE6}.Debug|Any CPU.ActiveCfg = Debug|Any CPU
		{D313B867-A1AE-43E3-BB01-C883791BDFE6}.Debug|Any CPU.Build.0 = Debug|Any CPU
		{D313B867-A1AE-43E3-BB01-C883791BDFE6}.Release|Any CPU.ActiveCfg = Release|Any CPU
		{D313B867-A1AE-43E3-BB01-C883791BDFE6}.Release|Any CPU.Build.0 = Release|Any CPU
		{A1FF4F40-8B59-421B-B068-37080CB1A6B0}.Debug|Any CPU.ActiveCfg = Debug|Any CPU
		{A1FF4F40-8B59-421B-B068-37080CB1A6B0}.Debug|Any CPU.Build.0 = Debug|Any CPU
		{A1FF4F40-8B59-421B-B068-37080CB1A6B0}.Release|Any CPU.ActiveCfg = Release|Any CPU
		{A1FF4F40-8B59-421B-B068-37080CB1A6B0}.Release|Any CPU.Build.0 = Release|Any CPU
		{0C37B19E-983C-48D1-A324-EE0A6A3CCB01}.Debug|Any CPU.ActiveCfg = Debug|Any CPU
		{0C37B19E-983C-48D1-A324-EE0A6A3CCB01}.Debug|Any CPU.Build.0 = Debug|Any CPU
		{0C37B19E-983C-48D1-A324-EE0A6A3CCB01}.Release|Any CPU.ActiveCfg = Release|Any CPU
		{0C37B19E-983C-48D1-A324-EE0A6A3CCB01}.Release|Any CPU.Build.0 = Release|Any CPU
		{2B766A3C-E8F8-4DC3-9F1C-1205CCB6E21F}.Debug|Any CPU.ActiveCfg = Debug|Any CPU
		{2B766A3C-E8F8-4DC3-9F1C-1205CCB6E21F}.Debug|Any CPU.Build.0 = Debug|Any CPU
		{2B766A3C-E8F8-4DC3-9F1C-1205CCB6E21F}.Release|Any CPU.ActiveCfg = Release|Any CPU
		{2B766A3C-E8F8-4DC3-9F1C-1205CCB6E21F}.Release|Any CPU.Build.0 = Release|Any CPU
		{B84DDE91-B16A-42C1-9243-A90160047FE8}.Debug|Any CPU.ActiveCfg = Debug|Any CPU
		{B84DDE91-B16A-42C1-9243-A90160047FE8}.Debug|Any CPU.Build.0 = Debug|Any CPU
		{B84DDE91-B16A-42C1-9243-A90160047FE8}.Release|Any CPU.ActiveCfg = Release|Any CPU
		{B84DDE91-B16A-42C1-9243-A90160047FE8}.Release|Any CPU.Build.0 = Release|Any CPU
	EndGlobalSection
	GlobalSection(SolutionProperties) = preSolution
		HideSolutionNode = FALSE
	EndGlobalSection
EndGlobal
