
Microsoft Visual Studio Solution File, Format Version 12.00
# Visual Studio 2012
Project("{FAE04EC0-301F-11D3-BF4B-00C04F79EFBC}") = "TheExplorer", "TheExplorer\TheExplorer.csproj", "{A5F91CA8-B155-48DA-B05B-C53A8A307B42}"
EndProject
Project("{FAE04EC0-301F-11D3-BF4B-00C04F79EFBC}") = "BitSifting", "BitSifting\BitSifting.csproj", "{4860E988-15BD-4E1E-9B9B-DDB738059A27}"
EndProject
Project("{FAE04EC0-301F-11D3-BF4B-00C04F79EFBC}") = "MagicStrings", "MagicStrings\MagicStrings.csproj", "{B27A6C9A-D0E0-486B-90AA-16CAFCC1C4F5}"
EndProject
Project("{FAE04EC0-301F-11D3-BF4B-00C04F79EFBC}") = "Gambling", "Gambling\Gambling.csproj", "{549DD7F8-5B2F-4F72-9319-01FC9F0ACC19}"
EndProject
Project("{FAE04EC0-301F-11D3-BF4B-00C04F79EFBC}") = "BitBuilder", "BitBuilder\BitBuilder.csproj", "{D52377BF-1BE9-455E-8CC4-0418D6398466}"
EndProject
Project("{FAE04EC0-301F-11D3-BF4B-00C04F79EFBC}") = "Numerology", "Numerology\Numerology.csproj", "{5F1441D5-84CC-4327-9128-7D08EE3EA510}"
EndProject
Global
	GlobalSection(SolutionConfigurationPlatforms) = preSolution
		Debug|Any CPU = Debug|Any CPU
		Release|Any CPU = Release|Any CPU
	EndGlobalSection
	GlobalSection(ProjectConfigurationPlatforms) = postSolution
		{A5F91CA8-B155-48DA-B05B-C53A8A307B42}.Debug|Any CPU.ActiveCfg = Debug|Any CPU
		{A5F91CA8-B155-48DA-B05B-C53A8A307B42}.Debug|Any CPU.Build.0 = Debug|Any CPU
		{A5F91CA8-B155-48DA-B05B-C53A8A307B42}.Release|Any CPU.ActiveCfg = Release|Any CPU
		{A5F91CA8-B155-48DA-B05B-C53A8A307B42}.Release|Any CPU.Build.0 = Release|Any CPU
		{4860E988-15BD-4E1E-9B9B-DDB738059A27}.Debug|Any CPU.ActiveCfg = Debug|Any CPU
		{4860E988-15BD-4E1E-9B9B-DDB738059A27}.Debug|Any CPU.Build.0 = Debug|Any CPU
		{4860E988-15BD-4E1E-9B9B-DDB738059A27}.Release|Any CPU.ActiveCfg = Release|Any CPU
		{4860E988-15BD-4E1E-9B9B-DDB738059A27}.Release|Any CPU.Build.0 = Release|Any CPU
		{B27A6C9A-D0E0-486B-90AA-16CAFCC1C4F5}.Debug|Any CPU.ActiveCfg = Debug|Any CPU
		{B27A6C9A-D0E0-486B-90AA-16CAFCC1C4F5}.Debug|Any CPU.Build.0 = Debug|Any CPU
		{B27A6C9A-D0E0-486B-90AA-16CAFCC1C4F5}.Release|Any CPU.ActiveCfg = Release|Any CPU
		{B27A6C9A-D0E0-486B-90AA-16CAFCC1C4F5}.Release|Any CPU.Build.0 = Release|Any CPU
		{549DD7F8-5B2F-4F72-9319-01FC9F0ACC19}.Debug|Any CPU.ActiveCfg = Debug|Any CPU
		{549DD7F8-5B2F-4F72-9319-01FC9F0ACC19}.Debug|Any CPU.Build.0 = Debug|Any CPU
		{549DD7F8-5B2F-4F72-9319-01FC9F0ACC19}.Release|Any CPU.ActiveCfg = Release|Any CPU
		{549DD7F8-5B2F-4F72-9319-01FC9F0ACC19}.Release|Any CPU.Build.0 = Release|Any CPU
		{D52377BF-1BE9-455E-8CC4-0418D6398466}.Debug|Any CPU.ActiveCfg = Debug|Any CPU
		{D52377BF-1BE9-455E-8CC4-0418D6398466}.Debug|Any CPU.Build.0 = Debug|Any CPU
		{D52377BF-1BE9-455E-8CC4-0418D6398466}.Release|Any CPU.ActiveCfg = Release|Any CPU
		{D52377BF-1BE9-455E-8CC4-0418D6398466}.Release|Any CPU.Build.0 = Release|Any CPU
		{5F1441D5-84CC-4327-9128-7D08EE3EA510}.Debug|Any CPU.ActiveCfg = Debug|Any CPU
		{5F1441D5-84CC-4327-9128-7D08EE3EA510}.Debug|Any CPU.Build.0 = Debug|Any CPU
		{5F1441D5-84CC-4327-9128-7D08EE3EA510}.Release|Any CPU.ActiveCfg = Release|Any CPU
		{5F1441D5-84CC-4327-9128-7D08EE3EA510}.Release|Any CPU.Build.0 = Release|Any CPU
	EndGlobalSection
	GlobalSection(SolutionProperties) = preSolution
		HideSolutionNode = FALSE
	EndGlobalSection
EndGlobal
