
Microsoft Visual Studio Solution File, Format Version 12.00
# Visual Studio 2012
Project("{FAE04EC0-301F-11D3-BF4B-00C04F79EFBC}") = "01.Budget", "01.\01.Budget.csproj", "{36B7A3CB-3B97-4EEB-A2A2-E1334B7D9661}"
EndProject
Project("{FAE04EC0-301F-11D3-BF4B-00C04F79EFBC}") = "02", "02\02.csproj", "{2CA7D3E8-85F6-41B3-9D26-66BA3739E1B6}"
EndProject
Project("{FAE04EC0-301F-11D3-BF4B-00C04F79EFBC}") = "03", "03\03.csproj", "{FDF35EBE-5A21-44C5-9E83-A87C9D3701B3}"
EndProject
Project("{FAE04EC0-301F-11D3-BF4B-00C04F79EFBC}") = "04", "04\04.csproj", "{D6CBC271-F766-4CA9-B0E8-803F0CFCE444}"
EndProject
Project("{FAE04EC0-301F-11D3-BF4B-00C04F79EFBC}") = "05", "05\05.csproj", "{B0883D88-C45E-4D11-BAD0-9CFBF217F98F}"
EndProject
Global
	GlobalSection(SolutionConfigurationPlatforms) = preSolution
		Debug|Any CPU = Debug|Any CPU
		Release|Any CPU = Release|Any CPU
	EndGlobalSection
	GlobalSection(ProjectConfigurationPlatforms) = postSolution
		{36B7A3CB-3B97-4EEB-A2A2-E1334B7D9661}.Debug|Any CPU.ActiveCfg = Debug|Any CPU
		{36B7A3CB-3B97-4EEB-A2A2-E1334B7D9661}.Debug|Any CPU.Build.0 = Debug|Any CPU
		{36B7A3CB-3B97-4EEB-A2A2-E1334B7D9661}.Release|Any CPU.ActiveCfg = Release|Any CPU
		{36B7A3CB-3B97-4EEB-A2A2-E1334B7D9661}.Release|Any CPU.Build.0 = Release|Any CPU
		{2CA7D3E8-85F6-41B3-9D26-66BA3739E1B6}.Debug|Any CPU.ActiveCfg = Debug|Any CPU
		{2CA7D3E8-85F6-41B3-9D26-66BA3739E1B6}.Debug|Any CPU.Build.0 = Debug|Any CPU
		{2CA7D3E8-85F6-41B3-9D26-66BA3739E1B6}.Release|Any CPU.ActiveCfg = Release|Any CPU
		{2CA7D3E8-85F6-41B3-9D26-66BA3739E1B6}.Release|Any CPU.Build.0 = Release|Any CPU
		{FDF35EBE-5A21-44C5-9E83-A87C9D3701B3}.Debug|Any CPU.ActiveCfg = Debug|Any CPU
		{FDF35EBE-5A21-44C5-9E83-A87C9D3701B3}.Debug|Any CPU.Build.0 = Debug|Any CPU
		{FDF35EBE-5A21-44C5-9E83-A87C9D3701B3}.Release|Any CPU.ActiveCfg = Release|Any CPU
		{FDF35EBE-5A21-44C5-9E83-A87C9D3701B3}.Release|Any CPU.Build.0 = Release|Any CPU
		{D6CBC271-F766-4CA9-B0E8-803F0CFCE444}.Debug|Any CPU.ActiveCfg = Debug|Any CPU
		{D6CBC271-F766-4CA9-B0E8-803F0CFCE444}.Debug|Any CPU.Build.0 = Debug|Any CPU
		{D6CBC271-F766-4CA9-B0E8-803F0CFCE444}.Release|Any CPU.ActiveCfg = Release|Any CPU
		{D6CBC271-F766-4CA9-B0E8-803F0CFCE444}.Release|Any CPU.Build.0 = Release|Any CPU
		{B0883D88-C45E-4D11-BAD0-9CFBF217F98F}.Debug|Any CPU.ActiveCfg = Debug|Any CPU
		{B0883D88-C45E-4D11-BAD0-9CFBF217F98F}.Debug|Any CPU.Build.0 = Debug|Any CPU
		{B0883D88-C45E-4D11-BAD0-9CFBF217F98F}.Release|Any CPU.ActiveCfg = Release|Any CPU
		{B0883D88-C45E-4D11-BAD0-9CFBF217F98F}.Release|Any CPU.Build.0 = Release|Any CPU
	EndGlobalSection
	GlobalSection(SolutionProperties) = preSolution
		HideSolutionNode = FALSE
	EndGlobalSection
EndGlobal
