
Microsoft Visual Studio Solution File, Format Version 12.00
# Visual Studio 2012
Project("{FAE04EC0-301F-11D3-BF4B-00C04F79EFBC}") = "01.Budget", "01.Budget\01.Budget.csproj", "{E40FDF8E-7835-45A4-A4E3-58842837700C}"
EndProject
Project("{FAE04EC0-301F-11D3-BF4B-00C04F79EFBC}") = "02.OddOrEvenCounter", "02.OddOrEvenCounter\02.OddOrEvenCounter.csproj", "{003C534B-FBF4-4EBD-ACCF-02B0CD8AD17A}"
EndProject
Project("{FAE04EC0-301F-11D3-BF4B-00C04F79EFBC}") = "04.WeirdCombinations", "04.WeirdCombinations\04.WeirdCombinations.csproj", "{96315190-78AA-45C5-881E-567991C5992C}"
EndProject
Project("{FAE04EC0-301F-11D3-BF4B-00C04F79EFBC}") = "05.HalfByteSapper", "05.HalfByteSapper\05.HalfByteSapper.csproj", "{DC51D1E4-8C26-4FE0-A779-ECC79BF4AEEB}"
EndProject
Project("{FAE04EC0-301F-11D3-BF4B-00C04F79EFBC}") = "03.Plane", "03.Plane\03.Plane.csproj", "{0D57F3A7-A208-4777-A7A5-99E67B61FCC1}"
EndProject
Global
	GlobalSection(SolutionConfigurationPlatforms) = preSolution
		Debug|Any CPU = Debug|Any CPU
		Release|Any CPU = Release|Any CPU
	EndGlobalSection
	GlobalSection(ProjectConfigurationPlatforms) = postSolution
		{E40FDF8E-7835-45A4-A4E3-58842837700C}.Debug|Any CPU.ActiveCfg = Debug|Any CPU
		{E40FDF8E-7835-45A4-A4E3-58842837700C}.Debug|Any CPU.Build.0 = Debug|Any CPU
		{E40FDF8E-7835-45A4-A4E3-58842837700C}.Release|Any CPU.ActiveCfg = Release|Any CPU
		{E40FDF8E-7835-45A4-A4E3-58842837700C}.Release|Any CPU.Build.0 = Release|Any CPU
		{003C534B-FBF4-4EBD-ACCF-02B0CD8AD17A}.Debug|Any CPU.ActiveCfg = Debug|Any CPU
		{003C534B-FBF4-4EBD-ACCF-02B0CD8AD17A}.Debug|Any CPU.Build.0 = Debug|Any CPU
		{003C534B-FBF4-4EBD-ACCF-02B0CD8AD17A}.Release|Any CPU.ActiveCfg = Release|Any CPU
		{003C534B-FBF4-4EBD-ACCF-02B0CD8AD17A}.Release|Any CPU.Build.0 = Release|Any CPU
		{96315190-78AA-45C5-881E-567991C5992C}.Debug|Any CPU.ActiveCfg = Debug|Any CPU
		{96315190-78AA-45C5-881E-567991C5992C}.Debug|Any CPU.Build.0 = Debug|Any CPU
		{96315190-78AA-45C5-881E-567991C5992C}.Release|Any CPU.ActiveCfg = Release|Any CPU
		{96315190-78AA-45C5-881E-567991C5992C}.Release|Any CPU.Build.0 = Release|Any CPU
		{DC51D1E4-8C26-4FE0-A779-ECC79BF4AEEB}.Debug|Any CPU.ActiveCfg = Debug|Any CPU
		{DC51D1E4-8C26-4FE0-A779-ECC79BF4AEEB}.Debug|Any CPU.Build.0 = Debug|Any CPU
		{DC51D1E4-8C26-4FE0-A779-ECC79BF4AEEB}.Release|Any CPU.ActiveCfg = Release|Any CPU
		{DC51D1E4-8C26-4FE0-A779-ECC79BF4AEEB}.Release|Any CPU.Build.0 = Release|Any CPU
		{0D57F3A7-A208-4777-A7A5-99E67B61FCC1}.Debug|Any CPU.ActiveCfg = Debug|Any CPU
		{0D57F3A7-A208-4777-A7A5-99E67B61FCC1}.Debug|Any CPU.Build.0 = Debug|Any CPU
		{0D57F3A7-A208-4777-A7A5-99E67B61FCC1}.Release|Any CPU.ActiveCfg = Release|Any CPU
		{0D57F3A7-A208-4777-A7A5-99E67B61FCC1}.Release|Any CPU.Build.0 = Release|Any CPU
	EndGlobalSection
	GlobalSection(SolutionProperties) = preSolution
		HideSolutionNode = FALSE
	EndGlobalSection
EndGlobal
